{
  "name": "PROShael",
  "lockfileVersion": 3,
  "requires": true,
  "packages": {
    "": {
      "dependencies": {
        "chalk": "^5.6.2",
        "node-fetch": "^3.3.2"
      }
    },
    "alshuail-admin-arabic": {
      "version": "0.1.0",
      "extraneous": true,
      "dependencies": {
        "@heroicons/react": "^2.2.0",
        "@testing-library/dom": "^10.4.1",
        "@testing-library/jest-dom": "^6.8.0",
        "@testing-library/react": "^16.3.0",
        "@testing-library/user-event": "^13.5.0",
        "@types/d3": "^7.4.3",
        "@types/jest": "^27.5.2",
        "@types/node": "^16.18.126",
        "@types/react": "^19.1.13",
        "@types/react-dom": "^19.1.9",
        "axios": "^1.12.2",
        "buffer": "^6.0.3",
        "chart.js": "^4.5.0",
        "framer-motion": "^12.23.22",
        "hijri-converter": "^1.1.1",
        "html2canvas": "^1.4.1",
        "js-cookie": "^3.0.5",
        "jspdf": "^3.0.3",
        "jspdf-autotable": "^5.0.2",
        "playwright": "^1.55.0",
        "process": "^0.11.10",
        "react": "^19.1.1",
        "react-chartjs-2": "^5.3.0",
        "react-d3-tree": "^3.6.6",
        "react-dom": "^19.1.1",
        "react-dropzone": "^14.3.8",
        "react-icons": "^5.5.0",
        "react-pdf": "^10.1.0",
        "react-router-dom": "^7.9.1",
        "react-scripts": "5.0.1",
        "recharts": "^3.2.0",
        "typescript": "^4.9.5",
        "web-vitals": "^2.1.4",
        "workbox-sw": "^7.3.0",
        "workbox-webpack-plugin": "^7.3.0",
        "xlsx": "^0.18.5",
        "xlsx-populate": "^1.21.0"
      },
      "devDependencies": {
        "@craco/craco": "^7.1.0",
        "@tailwindcss/forms": "^0.5.10",
        "@tailwindcss/typography": "^0.5.19",
        "@types/js-cookie": "^3.0.6",
        "autoprefixer": "^10.4.21",
        "eslint": "^8.57.0",
        "postcss": "^8.5.6",
        "serve": "^14.2.1",
        "tailwindcss": "^3.4.17",
        "webpack-bundle-analyzer": "^4.9.1"
      }
    },
    "alshuail-backend": {
      "version": "1.0.0",
      "extraneous": true,
      "license": "MIT",
      "dependencies": {
        "@pdf-lib/fontkit": "^1.1.1",
        "@supabase/storage-js": "^2.12.2",
        "@supabase/supabase-js": "^2.57.4",
        "axios": "^1.12.2",
        "bcrypt": "^6.0.0",
        "bcryptjs": "^2.4.3",
        "canvas": "^3.2.0",
        "chalk": "^5.3.0",
        "cors": "^2.8.5",
        "dotenv": "^16.3.1",
        "exceljs": "^4.4.0",
        "express": "^4.18.2",
        "express-fileupload": "^1.5.2",
        "express-rate-limit": "^7.1.5",
        "express-validator": "^7.0.1",
        "form-data": "^4.0.4",
        "helmet": "^7.1.0",
        "hijri-converter": "^1.1.1",
        "jsonwebtoken": "^9.0.2",
        "moment": "^2.30.1",
        "multer": "^2.0.2",
        "node-fetch": "^2.7.0",
        "pdfkit": "^0.17.2",
        "pdfkit-table": "^0.1.99",
        "uuid": "^13.0.0",
        "winston": "^3.11.0",
        "xlsx": "^0.18.5",
        "xlsx-populate": "^1.21.0"
      },
      "devDependencies": {
        "c8": "^8.0.1",
        "eslint": "^8.57.0",
        "nodemon": "^3.0.1"
      }
    },
    "node_modules/chalk": {
      "version": "5.6.2",
      "resolved": "https://registry.npmjs.org/chalk/-/chalk-5.6.2.tgz",
      "integrity": "sha512-7NzBL0rN6fMUW+f7A6Io4h40qQlG+xGmtMxfbnH/K7TAtt8JQWVQK+6g0UXKMeVJoyV5EkkNsErQ8pVD3bLHbA==",
      "license": "MIT",
      "engines": {
        "node": "^12.17.0 || ^14.13 || >=16.0.0"
      },
      "funding": {
        "url": "https://github.com/chalk/chalk?sponsor=1"
      }
    },
    "node_modules/data-uri-to-buffer": {
      "version": "4.0.1",
      "license": "MIT",
      "engines": {
        "node": ">= 12"
      }
    },
    "node_modules/fetch-blob": {
      "version": "3.2.0",
      "funding": [
        {
          "type": "github",
          "url": "https://github.com/sponsors/jimmywarting"
        },
        {
          "type": "paypal",
          "url": "https://paypal.me/jimmywarting"
        }
      ],
      "license": "MIT",
      "dependencies": {
        "node-domexception": "^1.0.0",
        "web-streams-polyfill": "^3.0.3"
      },
      "engines": {
        "node": "^12.20 || >= 14.13"
      }
    },
    "node_modules/formdata-polyfill": {
      "version": "4.0.10",
      "license": "MIT",
      "dependencies": {
        "fetch-blob": "^3.1.2"
      },
      "engines": {
        "node": ">=12.20.0"
      }
    },
    "node_modules/node-domexception": {
      "version": "1.0.0",
      "funding": [
        {
          "type": "github",
          "url": "https://github.com/sponsors/jimmywarting"
        },
        {
          "type": "github",
          "url": "https://paypal.me/jimmywarting"
        }
      ],
      "license": "MIT",
      "engines": {
        "node": ">=10.5.0"
      }
    },
    "node_modules/node-fetch": {
      "version": "3.3.2",
      "resolved": "https://registry.npmjs.org/node-fetch/-/node-fetch-3.3.2.tgz",
      "integrity": "sha512-dRB78srN/l6gqWulah9SrxeYnxeddIG30+GOqK/9OlLVyLg3HPnr6SqOWTWOXKRwC2eGYCkZ59NNuSgvSrpgOA==",
      "license": "MIT",
      "dependencies": {
        "data-uri-to-buffer": "^4.0.0",
        "fetch-blob": "^3.1.4",
        "formdata-polyfill": "^4.0.10"
      },
      "engines": {
        "node": "^12.20.0 || ^14.13.1 || >=16.0.0"
      },
      "funding": {
        "type": "opencollective",
        "url": "https://opencollective.com/node-fetch"
      }
    },
    "node_modules/web-streams-polyfill": {
      "version": "3.3.3",
      "license": "MIT",
      "engines": {
        "node": ">= 8"
      }
    }
  }
}
